
Microsoft Visual Studio Solution File, Format Version 12.00
# Visual Studio Version 16
VisualStudioVersion = 16.0.31105.61
MinimumVisualStudioVersion = 10.0.40219.1
Project("{FAE04EC0-301F-11D3-BF4B-00C04F79EFBC}") = "Faktury_Paragany_Lasery", "Faktury_Paragany_Lasery\Faktury_Paragany_Lasery.csproj", "{1B06C05F-7382-4465-857D-F47EDE78FD5E}"
EndProject
Global
	GlobalSection(SolutionConfigurationPlatforms) = preSolution
		Debug|Any CPU = Debug|Any CPU
		Release|Any CPU = Release|Any CPU
	EndGlobalSection
	GlobalSection(ProjectConfigurationPlatforms) = postSolution
		{1B06C05F-7382-4465-857D-F47EDE78FD5E}.Debug|Any CPU.ActiveCfg = Debug|Any CPU
		{1B06C05F-7382-4465-857D-F47EDE78FD5E}.Debug|Any CPU.Build.0 = Debug|Any CPU
		{1B06C05F-7382-4465-857D-F47EDE78FD5E}.Release|Any CPU.ActiveCfg = Release|Any CPU
		{1B06C05F-7382-4465-857D-F47EDE78FD5E}.Release|Any CPU.Build.0 = Release|Any CPU
	EndGlobalSection
	GlobalSection(SolutionProperties) = preSolution
		HideSolutionNode = FALSE
	EndGlobalSection
	GlobalSection(ExtensibilityGlobals) = postSolution
		SolutionGuid = {376A54B9-4165-4FA4-90B7-83BFDD5DF2E0}
	EndGlobalSection
EndGlobal
